
Microsoft Visual Studio Solution File, Format Version 12.00
# Visual Studio Version 16
VisualStudioVersion = 16.0.31313.79
MinimumVisualStudioVersion = 10.0.40219.1
Project("{8BC9CEB8-8B4A-11D0-8D11-00A0C91BC942}") = "AlgebraLibrary", "AlgebraLibrary\AlgebraLibrary.vcxproj", "{870A4E97-E619-4338-B937-11D87BC57C18}"
EndProject
Project("{8BC9CEB8-8B4A-11D0-8D11-00A0C91BC942}") = "Client", "Client\Client.vcxproj", "{86FB6B26-A2C7-4C28-BA0D-FFD32E9633F5}"
EndProject
Global
	GlobalSection(SolutionConfigurationPlatforms) = preSolution
		Debug|x64 = Debug|x64
		Debug|x86 = Debug|x86
		Release|x64 = Release|x64
		Release|x86 = Release|x86
	EndGlobalSection
	GlobalSection(ProjectConfigurationPlatforms) = postSolution
		{870A4E97-E619-4338-B937-11D87BC57C18}.Debug|x64.ActiveCfg = Debug|x64
		{870A4E97-E619-4338-B937-11D87BC57C18}.Debug|x64.Build.0 = Debug|x64
		{870A4E97-E619-4338-B937-11D87BC57C18}.Debug|x86.ActiveCfg = Debug|Win32
		{870A4E97-E619-4338-B937-11D87BC57C18}.Debug|x86.Build.0 = Debug|Win32
		{870A4E97-E619-4338-B937-11D87BC57C18}.Release|x64.ActiveCfg = Release|x64
		{870A4E97-E619-4338-B937-11D87BC57C18}.Release|x64.Build.0 = Release|x64
		{870A4E97-E619-4338-B937-11D87BC57C18}.Release|x86.ActiveCfg = Release|Win32
		{870A4E97-E619-4338-B937-11D87BC57C18}.Release|x86.Build.0 = Release|Win32
		{86FB6B26-A2C7-4C28-BA0D-FFD32E9633F5}.Debug|x64.ActiveCfg = Debug|x64
		{86FB6B26-A2C7-4C28-BA0D-FFD32E9633F5}.Debug|x64.Build.0 = Debug|x64
		{86FB6B26-A2C7-4C28-BA0D-FFD32E9633F5}.Debug|x86.ActiveCfg = Debug|Win32
		{86FB6B26-A2C7-4C28-BA0D-FFD32E9633F5}.Debug|x86.Build.0 = Debug|Win32
		{86FB6B26-A2C7-4C28-BA0D-FFD32E9633F5}.Release|x64.ActiveCfg = Release|x64
		{86FB6B26-A2C7-4C28-BA0D-FFD32E9633F5}.Release|x64.Build.0 = Release|x64
		{86FB6B26-A2C7-4C28-BA0D-FFD32E9633F5}.Release|x86.ActiveCfg = Release|Win32
		{86FB6B26-A2C7-4C28-BA0D-FFD32E9633F5}.Release|x86.Build.0 = Release|Win32
	EndGlobalSection
	GlobalSection(SolutionProperties) = preSolution
		HideSolutionNode = FALSE
	EndGlobalSection
	GlobalSection(ExtensibilityGlobals) = postSolution
		SolutionGuid = {C9C71EC0-ED66-4986-BD12-9F332FD85A6E}
	EndGlobalSection
EndGlobal
